
Microsoft Visual Studio Solution File, Format Version 12.00
# Visual Studio Version 17
VisualStudioVersion = 17.5.002.0
MinimumVisualStudioVersion = 10.0.40219.1
Project("{2150E333-8FDC-42A3-9474-1A3956D46DE8}") = "csharp-prep", "csharp-prep", "{1716A672-A8EE-4C6D-B97D-895AEAAFCD70}"
EndProject
Project("{9A19103F-16F7-4668-BE54-9A1E7A4F7556}") = "Prep1", "csharp-prep\Prep1\Prep1.csproj", "{87BA4931-2154-4E04-A317-B3AB196FFD97}"
EndProject
Project("{9A19103F-16F7-4668-BE54-9A1E7A4F7556}") = "Prep2", "csharp-prep\Prep2\Prep2.csproj", "{B87753B3-43F0-4AD9-9E35-5259268645D1}"
EndProject
Project("{9A19103F-16F7-4668-BE54-9A1E7A4F7556}") = "Prep3", "csharp-prep\Prep3\Prep3.csproj", "{95FBBB11-B44C-4ACF-BBE8-CF1B37E0D737}"
EndProject
Project("{9A19103F-16F7-4668-BE54-9A1E7A4F7556}") = "Prep4", "csharp-prep\Prep4\Prep4.csproj", "{39C010D5-2466-48BD-AA02-6FA17C9A1FD2}"
EndProject
Project("{9A19103F-16F7-4668-BE54-9A1E7A4F7556}") = "Prep5", "csharp-prep\Prep5\Prep5.csproj", "{B4957737-3DF4-48C4-90E5-98CB66E3979D}"
EndProject
Project("{2150E333-8FDC-42A3-9474-1A3956D46DE8}") = "final", "final", "{232D9AA4-7D84-48F5-A635-84218D95CD1C}"
EndProject
Project("{9A19103F-16F7-4668-BE54-9A1E7A4F7556}") = "FinalProject", "final\FinalProject\FinalProject.csproj", "{112C90AC-37D9-4372-B804-986627CF5B0B}"
EndProject
Project("{9A19103F-16F7-4668-BE54-9A1E7A4F7556}") = "Foundation1", "final\Foundation1\Foundation1.csproj", "{CEE64CA8-8B35-4EE3-AF82-2300C1EE8815}"
EndProject
Project("{9A19103F-16F7-4668-BE54-9A1E7A4F7556}") = "Foundation2", "final\Foundation2\Foundation2.csproj", "{25CD118C-0865-4C80-8826-311AE09886FC}"
EndProject
Project("{9A19103F-16F7-4668-BE54-9A1E7A4F7556}") = "Foundation3", "final\Foundation3\Foundation3.csproj", "{40FBEF6D-B45A-4FD2-BDE9-4ADA2C370097}"
EndProject
Project("{9A19103F-16F7-4668-BE54-9A1E7A4F7556}") = "Foundation4", "final\Foundation4\Foundation4.csproj", "{1D2A0E73-B03F-4D88-9C4B-24924AEE1EF0}"
EndProject
Project("{2150E333-8FDC-42A3-9474-1A3956D46DE8}") = "prepare", "prepare", "{17164975-BC5E-4021-BAE7-A23FEF726FA6}"
EndProject
Project("{9A19103F-16F7-4668-BE54-9A1E7A4F7556}") = "Learning02", "prepare\Learning02\Learning02.csproj", "{E20BB2AF-F3F0-4C1A-943C-1EF64AE6A6FF}"
EndProject
Project("{9A19103F-16F7-4668-BE54-9A1E7A4F7556}") = "Learning03", "prepare\Learning03\Learning03.csproj", "{17B7CD68-95A2-4582-B798-DCAE8D3A0C1F}"
EndProject
Project("{9A19103F-16F7-4668-BE54-9A1E7A4F7556}") = "Learning04", "prepare\Learning04\Learning04.csproj", "{A9E3715C-18EC-4EAB-8DF5-DB5CB61C915E}"
EndProject
Project("{9A19103F-16F7-4668-BE54-9A1E7A4F7556}") = "Learning05", "prepare\Learning05\Learning05.csproj", "{577C0760-6550-4ECA-A9E5-9DCF73F3F925}"
EndProject
Project("{2150E333-8FDC-42A3-9474-1A3956D46DE8}") = "prove", "prove", "{115FB2F4-2B0C-4972-AC15-64B2169CE3D7}"
EndProject
Project("{9A19103F-16F7-4668-BE54-9A1E7A4F7556}") = "Develop02", "prove\Develop02\Develop02.csproj", "{8732B009-65E1-4E5B-903E-D9DD94B23253}"
EndProject
Project("{9A19103F-16F7-4668-BE54-9A1E7A4F7556}") = "Develop03", "prove\Develop03\Develop03.csproj", "{597298B9-DF0D-45B4-9D3F-2EA5021FD20D}"
EndProject
Project("{9A19103F-16F7-4668-BE54-9A1E7A4F7556}") = "Develop04", "prove\Develop04\Develop04.csproj", "{056C9C00-03E4-4582-A0E6-A815BEE0CD86}"
EndProject
Project("{9A19103F-16F7-4668-BE54-9A1E7A4F7556}") = "Develop05", "prove\Develop05\Develop05.csproj", "{934367E7-49BC-41E4-ADDB-A3B39FCEAF4B}"
EndProject
Project("{2150E333-8FDC-42A3-9474-1A3956D46DE8}") = "sandbox", "sandbox", "{36DBBF6F-6F46-438E-91BF-80DD175FF371}"
EndProject
Project("{9A19103F-16F7-4668-BE54-9A1E7A4F7556}") = "Sandbox", "sandbox\Sandbox\Sandbox.csproj", "{DC26ADB9-72A2-4E3A-A8CC-2F4E7351189F}"
EndProject
Global
	GlobalSection(SolutionConfigurationPlatforms) = preSolution
		Debug|Any CPU = Debug|Any CPU
		Release|Any CPU = Release|Any CPU
	EndGlobalSection
	GlobalSection(ProjectConfigurationPlatforms) = postSolution
		{87BA4931-2154-4E04-A317-B3AB196FFD97}.Debug|Any CPU.ActiveCfg = Debug|Any CPU
		{87BA4931-2154-4E04-A317-B3AB196FFD97}.Debug|Any CPU.Build.0 = Debug|Any CPU
		{87BA4931-2154-4E04-A317-B3AB196FFD97}.Release|Any CPU.ActiveCfg = Release|Any CPU
		{87BA4931-2154-4E04-A317-B3AB196FFD97}.Release|Any CPU.Build.0 = Release|Any CPU
		{B87753B3-43F0-4AD9-9E35-5259268645D1}.Debug|Any CPU.ActiveCfg = Debug|Any CPU
		{B87753B3-43F0-4AD9-9E35-5259268645D1}.Debug|Any CPU.Build.0 = Debug|Any CPU
		{B87753B3-43F0-4AD9-9E35-5259268645D1}.Release|Any CPU.ActiveCfg = Release|Any CPU
		{B87753B3-43F0-4AD9-9E35-5259268645D1}.Release|Any CPU.Build.0 = Release|Any CPU
		{95FBBB11-B44C-4ACF-BBE8-CF1B37E0D737}.Debug|Any CPU.ActiveCfg = Debug|Any CPU
		{95FBBB11-B44C-4ACF-BBE8-CF1B37E0D737}.Debug|Any CPU.Build.0 = Debug|Any CPU
		{95FBBB11-B44C-4ACF-BBE8-CF1B37E0D737}.Release|Any CPU.ActiveCfg = Release|Any CPU
		{95FBBB11-B44C-4ACF-BBE8-CF1B37E0D737}.Release|Any CPU.Build.0 = Release|Any CPU
		{39C010D5-2466-48BD-AA02-6FA17C9A1FD2}.Debug|Any CPU.ActiveCfg = Debug|Any CPU
		{39C010D5-2466-48BD-AA02-6FA17C9A1FD2}.Debug|Any CPU.Build.0 = Debug|Any CPU
		{39C010D5-2466-48BD-AA02-6FA17C9A1FD2}.Release|Any CPU.ActiveCfg = Release|Any CPU
		{39C010D5-2466-48BD-AA02-6FA17C9A1FD2}.Release|Any CPU.Build.0 = Release|Any CPU
		{B4957737-3DF4-48C4-90E5-98CB66E3979D}.Debug|Any CPU.ActiveCfg = Debug|Any CPU
		{B4957737-3DF4-48C4-90E5-98CB66E3979D}.Debug|Any CPU.Build.0 = Debug|Any CPU
		{B4957737-3DF4-48C4-90E5-98CB66E3979D}.Release|Any CPU.ActiveCfg = Release|Any CPU
		{B4957737-3DF4-48C4-90E5-98CB66E3979D}.Release|Any CPU.Build.0 = Release|Any CPU
		{112C90AC-37D9-4372-B804-986627CF5B0B}.Debug|Any CPU.ActiveCfg = Debug|Any CPU
		{112C90AC-37D9-4372-B804-986627CF5B0B}.Debug|Any CPU.Build.0 = Debug|Any CPU
		{112C90AC-37D9-4372-B804-986627CF5B0B}.Release|Any CPU.ActiveCfg = Release|Any CPU
		{112C90AC-37D9-4372-B804-986627CF5B0B}.Release|Any CPU.Build.0 = Release|Any CPU
		{CEE64CA8-8B35-4EE3-AF82-2300C1EE8815}.Debug|Any CPU.ActiveCfg = Debug|Any CPU
		{CEE64CA8-8B35-4EE3-AF82-2300C1EE8815}.Debug|Any CPU.Build.0 = Debug|Any CPU
		{CEE64CA8-8B35-4EE3-AF82-2300C1EE8815}.Release|Any CPU.ActiveCfg = Release|Any CPU
		{CEE64CA8-8B35-4EE3-AF82-2300C1EE8815}.Release|Any CPU.Build.0 = Release|Any CPU
		{25CD118C-0865-4C80-8826-311AE09886FC}.Debug|Any CPU.ActiveCfg = Debug|Any CPU
		{25CD118C-0865-4C80-8826-311AE09886FC}.Debug|Any CPU.Build.0 = Debug|Any CPU
		{25CD118C-0865-4C80-8826-311AE09886FC}.Release|Any CPU.ActiveCfg = Release|Any CPU
		{25CD118C-0865-4C80-8826-311AE09886FC}.Release|Any CPU.Build.0 = Release|Any CPU
		{40FBEF6D-B45A-4FD2-BDE9-4ADA2C370097}.Debug|Any CPU.ActiveCfg = Debug|Any CPU
		{40FBEF6D-B45A-4FD2-BDE9-4ADA2C370097}.Debug|Any CPU.Build.0 = Debug|Any CPU
		{40FBEF6D-B45A-4FD2-BDE9-4ADA2C370097}.Release|Any CPU.ActiveCfg = Release|Any CPU
		{40FBEF6D-B45A-4FD2-BDE9-4ADA2C370097}.Release|Any CPU.Build.0 = Release|Any CPU
		{1D2A0E73-B03F-4D88-9C4B-24924AEE1EF0}.Debug|Any CPU.ActiveCfg = Debug|Any CPU
		{1D2A0E73-B03F-4D88-9C4B-24924AEE1EF0}.Debug|Any CPU.Build.0 = Debug|Any CPU
		{1D2A0E73-B03F-4D88-9C4B-24924AEE1EF0}.Release|Any CPU.ActiveCfg = Release|Any CPU
		{1D2A0E73-B03F-4D88-9C4B-24924AEE1EF0}.Release|Any CPU.Build.0 = Release|Any CPU
		{E20BB2AF-F3F0-4C1A-943C-1EF64AE6A6FF}.Debug|Any CPU.ActiveCfg = Debug|Any CPU
		{E20BB2AF-F3F0-4C1A-943C-1EF64AE6A6FF}.Debug|Any CPU.Build.0 = Debug|Any CPU
		{E20BB2AF-F3F0-4C1A-943C-1EF64AE6A6FF}.Release|Any CPU.ActiveCfg = Release|Any CPU
		{E20BB2AF-F3F0-4C1A-943C-1EF64AE6A6FF}.Release|Any CPU.Build.0 = Release|Any CPU
		{17B7CD68-95A2-4582-B798-DCAE8D3A0C1F}.Debug|Any CPU.ActiveCfg = Debug|Any CPU
		{17B7CD68-95A2-4582-B798-DCAE8D3A0C1F}.Debug|Any CPU.Build.0 = Debug|Any CPU
		{17B7CD68-95A2-4582-B798-DCAE8D3A0C1F}.Release|Any CPU.ActiveCfg = Release|Any CPU
		{17B7CD68-95A2-4582-B798-DCAE8D3A0C1F}.Release|Any CPU.Build.0 = Release|Any CPU
		{A9E3715C-18EC-4EAB-8DF5-DB5CB61C915E}.Debug|Any CPU.ActiveCfg = Debug|Any CPU
		{A9E3715C-18EC-4EAB-8DF5-DB5CB61C915E}.Debug|Any CPU.Build.0 = Debug|Any CPU
		{A9E3715C-18EC-4EAB-8DF5-DB5CB61C915E}.Release|Any CPU.ActiveCfg = Release|Any CPU
		{A9E3715C-18EC-4EAB-8DF5-DB5CB61C915E}.Release|Any CPU.Build.0 = Release|Any CPU
		{577C0760-6550-4ECA-A9E5-9DCF73F3F925}.Debug|Any CPU.ActiveCfg = Debug|Any CPU
		{577C0760-6550-4ECA-A9E5-9DCF73F3F925}.Debug|Any CPU.Build.0 = Debug|Any CPU
		{577C0760-6550-4ECA-A9E5-9DCF73F3F925}.Release|Any CPU.ActiveCfg = Release|Any CPU
		{577C0760-6550-4ECA-A9E5-9DCF73F3F925}.Release|Any CPU.Build.0 = Release|Any CPU
		{8732B009-65E1-4E5B-903E-D9DD94B23253}.Debug|Any CPU.ActiveCfg = Debug|Any CPU
		{8732B009-65E1-4E5B-903E-D9DD94B23253}.Debug|Any CPU.Build.0 = Debug|Any CPU
		{8732B009-65E1-4E5B-903E-D9DD94B23253}.Release|Any CPU.ActiveCfg = Release|Any CPU
		{8732B009-65E1-4E5B-903E-D9DD94B23253}.Release|Any CPU.Build.0 = Release|Any CPU
		{597298B9-DF0D-45B4-9D3F-2EA5021FD20D}.Debug|Any CPU.ActiveCfg = Debug|Any CPU
		{597298B9-DF0D-45B4-9D3F-2EA5021FD20D}.Debug|Any CPU.Build.0 = Debug|Any CPU
		{597298B9-DF0D-45B4-9D3F-2EA5021FD20D}.Release|Any CPU.ActiveCfg = Release|Any CPU
		{597298B9-DF0D-45B4-9D3F-2EA5021FD20D}.Release|Any CPU.Build.0 = Release|Any CPU
		{056C9C00-03E4-4582-A0E6-A815BEE0CD86}.Debug|Any CPU.ActiveCfg = Debug|Any CPU
		{056C9C00-03E4-4582-A0E6-A815BEE0CD86}.Debug|Any CPU.Build.0 = Debug|Any CPU
		{056C9C00-03E4-4582-A0E6-A815BEE0CD86}.Release|Any CPU.ActiveCfg = Release|Any CPU
		{056C9C00-03E4-4582-A0E6-A815BEE0CD86}.Release|Any CPU.Build.0 = Release|Any CPU
		{934367E7-49BC-41E4-ADDB-A3B39FCEAF4B}.Debug|Any CPU.ActiveCfg = Debug|Any CPU
		{934367E7-49BC-41E4-ADDB-A3B39FCEAF4B}.Debug|Any CPU.Build.0 = Debug|Any CPU
		{934367E7-49BC-41E4-ADDB-A3B39FCEAF4B}.Release|Any CPU.ActiveCfg = Release|Any CPU
		{934367E7-49BC-41E4-ADDB-A3B39FCEAF4B}.Release|Any CPU.Build.0 = Release|Any CPU
		{DC26ADB9-72A2-4E3A-A8CC-2F4E7351189F}.Debug|Any CPU.ActiveCfg = Debug|Any CPU
		{DC26ADB9-72A2-4E3A-A8CC-2F4E7351189F}.Debug|Any CPU.Build.0 = Debug|Any CPU
		{DC26ADB9-72A2-4E3A-A8CC-2F4E7351189F}.Release|Any CPU.ActiveCfg = Release|Any CPU
		{DC26ADB9-72A2-4E3A-A8CC-2F4E7351189F}.Release|Any CPU.Build.0 = Release|Any CPU
	EndGlobalSection
	GlobalSection(SolutionProperties) = preSolution
		HideSolutionNode = FALSE
	EndGlobalSection
	GlobalSection(NestedProjects) = preSolution
		{87BA4931-2154-4E04-A317-B3AB196FFD97} = {1716A672-A8EE-4C6D-B97D-895AEAAFCD70}
		{B87753B3-43F0-4AD9-9E35-5259268645D1} = {1716A672-A8EE-4C6D-B97D-895AEAAFCD70}
		{95FBBB11-B44C-4ACF-BBE8-CF1B37E0D737} = {1716A672-A8EE-4C6D-B97D-895AEAAFCD70}
		{39C010D5-2466-48BD-AA02-6FA17C9A1FD2} = {1716A672-A8EE-4C6D-B97D-895AEAAFCD70}
		{B4957737-3DF4-48C4-90E5-98CB66E3979D} = {1716A672-A8EE-4C6D-B97D-895AEAAFCD70}
		{112C90AC-37D9-4372-B804-986627CF5B0B} = {232D9AA4-7D84-48F5-A635-84218D95CD1C}
		{CEE64CA8-8B35-4EE3-AF82-2300C1EE8815} = {232D9AA4-7D84-48F5-A635-84218D95CD1C}
		{25CD118C-0865-4C80-8826-311AE09886FC} = {232D9AA4-7D84-48F5-A635-84218D95CD1C}
		{40FBEF6D-B45A-4FD2-BDE9-4ADA2C370097} = {232D9AA4-7D84-48F5-A635-84218D95CD1C}
		{1D2A0E73-B03F-4D88-9C4B-24924AEE1EF0} = {232D9AA4-7D84-48F5-A635-84218D95CD1C}
		{E20BB2AF-F3F0-4C1A-943C-1EF64AE6A6FF} = {17164975-BC5E-4021-BAE7-A23FEF726FA6}
		{17B7CD68-95A2-4582-B798-DCAE8D3A0C1F} = {17164975-BC5E-4021-BAE7-A23FEF726FA6}
		{A9E3715C-18EC-4EAB-8DF5-DB5CB61C915E} = {17164975-BC5E-4021-BAE7-A23FEF726FA6}
		{577C0760-6550-4ECA-A9E5-9DCF73F3F925} = {17164975-BC5E-4021-BAE7-A23FEF726FA6}
		{8732B009-65E1-4E5B-903E-D9DD94B23253} = {115FB2F4-2B0C-4972-AC15-64B2169CE3D7}
		{597298B9-DF0D-45B4-9D3F-2EA5021FD20D} = {115FB2F4-2B0C-4972-AC15-64B2169CE3D7}
		{056C9C00-03E4-4582-A0E6-A815BEE0CD86} = {115FB2F4-2B0C-4972-AC15-64B2169CE3D7}
		{934367E7-49BC-41E4-ADDB-A3B39FCEAF4B} = {115FB2F4-2B0C-4972-AC15-64B2169CE3D7}
		{DC26ADB9-72A2-4E3A-A8CC-2F4E7351189F} = {36DBBF6F-6F46-438E-91BF-80DD175FF371}
	EndGlobalSection
	GlobalSection(ExtensibilityGlobals) = postSolution
		SolutionGuid = {DFD08C2D-86AE-47DC-90E1-96BE5334D8BA}
	EndGlobalSection
EndGlobal
